
Microsoft Visual Studio Solution File, Format Version 12.00
# Visual Studio Version 17
VisualStudioVersion = 17.10.35027.167
MinimumVisualStudioVersion = 10.0.40219.1
Project("{FAE04EC0-301F-11D3-BF4B-00C04F79EFBC}") = "ejercicio2_etapa2", "ejercicio2_etapa2\ejercicio2_etapa2.csproj", "{F80565C1-E6B5-44A3-954B-7852D629EC2A}"
EndProject
Global
	GlobalSection(SolutionConfigurationPlatforms) = preSolution
		Debug|Any CPU = Debug|Any CPU
		Release|Any CPU = Release|Any CPU
	EndGlobalSection
	GlobalSection(ProjectConfigurationPlatforms) = postSolution
		{F80565C1-E6B5-44A3-954B-7852D629EC2A}.Debug|Any CPU.ActiveCfg = Debug|Any CPU
		{F80565C1-E6B5-44A3-954B-7852D629EC2A}.Debug|Any CPU.Build.0 = Debug|Any CPU
		{F80565C1-E6B5-44A3-954B-7852D629EC2A}.Release|Any CPU.ActiveCfg = Release|Any CPU
		{F80565C1-E6B5-44A3-954B-7852D629EC2A}.Release|Any CPU.Build.0 = Release|Any CPU
	EndGlobalSection
	GlobalSection(SolutionProperties) = preSolution
		HideSolutionNode = FALSE
	EndGlobalSection
	GlobalSection(ExtensibilityGlobals) = postSolution
		SolutionGuid = {02EA54CD-E024-4B80-A51B-94AED6D0FC24}
	EndGlobalSection
EndGlobal
