
Microsoft Visual Studio Solution File, Format Version 12.00
# Visual Studio Version 17
VisualStudioVersion = 17.10.35027.167
MinimumVisualStudioVersion = 10.0.40219.1
Project("{FAE04EC0-301F-11D3-BF4B-00C04F79EFBC}") = "ejercicio0_etapa2", "ejercicio0_etapa2\ejercicio0_etapa2.csproj", "{CBDEAEA5-830B-4ECC-9A7C-4A823B517CE2}"
EndProject
Global
	GlobalSection(SolutionConfigurationPlatforms) = preSolution
		Debug|Any CPU = Debug|Any CPU
		Release|Any CPU = Release|Any CPU
	EndGlobalSection
	GlobalSection(ProjectConfigurationPlatforms) = postSolution
		{CBDEAEA5-830B-4ECC-9A7C-4A823B517CE2}.Debug|Any CPU.ActiveCfg = Debug|Any CPU
		{CBDEAEA5-830B-4ECC-9A7C-4A823B517CE2}.Debug|Any CPU.Build.0 = Debug|Any CPU
		{CBDEAEA5-830B-4ECC-9A7C-4A823B517CE2}.Release|Any CPU.ActiveCfg = Release|Any CPU
		{CBDEAEA5-830B-4ECC-9A7C-4A823B517CE2}.Release|Any CPU.Build.0 = Release|Any CPU
	EndGlobalSection
	GlobalSection(SolutionProperties) = preSolution
		HideSolutionNode = FALSE
	EndGlobalSection
	GlobalSection(ExtensibilityGlobals) = postSolution
		SolutionGuid = {65E803DC-CEA7-4062-B43C-85B0A40DA74F}
	EndGlobalSection
EndGlobal
